
Microsoft Visual Studio Solution File, Format Version 12.00
Project("{FAE04EC0-301F-11D3-BF4B-00C04F79EFBC}") = "RevitAddinMultiVersion", "RevitAddinMultiVersion\RevitAddinMultiVersion.csproj", "{9DD43F6A-2CA4-43B9-A9FD-3CE0E83CD1B4}"
EndProject
Project("{FAE04EC0-301F-11D3-BF4B-00C04F79EFBC}") = "RevitAddinMultiVersionWrapper", "RevitAddinMultiVersionWrapper\RevitAddinMultiVersionWrapper.csproj", "{79D77800-265B-477B-97A2-6FFFEAF20D64}"
EndProject
Global
	GlobalSection(SolutionConfigurationPlatforms) = preSolution
		Debug R14|Any CPU = Debug R14|Any CPU
		Debug R15|Any CPU = Debug R15|Any CPU
		Debug R20|Any CPU = Debug R20|Any CPU
		Debug R21|Any CPU = Debug R21|Any CPU
		Debug R22|Any CPU = Debug R22|Any CPU
		Debug R23|Any CPU = Debug R23|Any CPU
		Debug R24|Any CPU = Debug R24|Any CPU
		Debug R25|Any CPU = Debug R25|Any CPU
		Release R20|Any CPU = Release R20|Any CPU
		Release R21|Any CPU = Release R21|Any CPU
		Release R22|Any CPU = Release R22|Any CPU
		Release R23|Any CPU = Release R23|Any CPU
		Release R24|Any CPU = Release R24|Any CPU
		Release R25|Any CPU = Release R25|Any CPU
		Debug R16|Any CPU = Debug R16|Any CPU
		Debug R17|Any CPU = Debug R17|Any CPU
		Debug R18|Any CPU = Debug R18|Any CPU
		Debug R19|Any CPU = Debug R19|Any CPU
		Release R14|Any CPU = Release R14|Any CPU
		Release R15|Any CPU = Release R15|Any CPU
		Release R16|Any CPU = Release R16|Any CPU
		Release R17|Any CPU = Release R17|Any CPU
		Release R18|Any CPU = Release R18|Any CPU
		Release R19|Any CPU = Release R19|Any CPU
	EndGlobalSection
	GlobalSection(ProjectConfigurationPlatforms) = postSolution
		{9DD43F6A-2CA4-43B9-A9FD-3CE0E83CD1B4}.Debug R14|Any CPU.ActiveCfg = Debug R14|Any CPU
		{9DD43F6A-2CA4-43B9-A9FD-3CE0E83CD1B4}.Debug R14|Any CPU.Build.0 = Debug R14|Any CPU
		{9DD43F6A-2CA4-43B9-A9FD-3CE0E83CD1B4}.Debug R15|Any CPU.ActiveCfg = Debug R15|Any CPU
		{9DD43F6A-2CA4-43B9-A9FD-3CE0E83CD1B4}.Debug R15|Any CPU.Build.0 = Debug R15|Any CPU
		{9DD43F6A-2CA4-43B9-A9FD-3CE0E83CD1B4}.Debug R20|Any CPU.ActiveCfg = Debug R20|Any CPU
		{9DD43F6A-2CA4-43B9-A9FD-3CE0E83CD1B4}.Debug R20|Any CPU.Build.0 = Debug R20|Any CPU
		{9DD43F6A-2CA4-43B9-A9FD-3CE0E83CD1B4}.Debug R21|Any CPU.ActiveCfg = Debug R21|Any CPU
		{9DD43F6A-2CA4-43B9-A9FD-3CE0E83CD1B4}.Debug R21|Any CPU.Build.0 = Debug R21|Any CPU
		{9DD43F6A-2CA4-43B9-A9FD-3CE0E83CD1B4}.Debug R22|Any CPU.ActiveCfg = Debug R22|Any CPU
		{9DD43F6A-2CA4-43B9-A9FD-3CE0E83CD1B4}.Debug R22|Any CPU.Build.0 = Debug R22|Any CPU
		{9DD43F6A-2CA4-43B9-A9FD-3CE0E83CD1B4}.Debug R23|Any CPU.ActiveCfg = Debug R23|Any CPU
		{9DD43F6A-2CA4-43B9-A9FD-3CE0E83CD1B4}.Debug R23|Any CPU.Build.0 = Debug R23|Any CPU
		{9DD43F6A-2CA4-43B9-A9FD-3CE0E83CD1B4}.Debug R24|Any CPU.ActiveCfg = Debug R24|Any CPU
		{9DD43F6A-2CA4-43B9-A9FD-3CE0E83CD1B4}.Debug R24|Any CPU.Build.0 = Debug R24|Any CPU
		{9DD43F6A-2CA4-43B9-A9FD-3CE0E83CD1B4}.Debug R25|Any CPU.ActiveCfg = Debug R25|Any CPU
		{9DD43F6A-2CA4-43B9-A9FD-3CE0E83CD1B4}.Debug R25|Any CPU.Build.0 = Debug R25|Any CPU
		{9DD43F6A-2CA4-43B9-A9FD-3CE0E83CD1B4}.Release R20|Any CPU.ActiveCfg = Release R20|Any CPU
		{9DD43F6A-2CA4-43B9-A9FD-3CE0E83CD1B4}.Release R20|Any CPU.Build.0 = Release R20|Any CPU
		{9DD43F6A-2CA4-43B9-A9FD-3CE0E83CD1B4}.Release R21|Any CPU.ActiveCfg = Release R21|Any CPU
		{9DD43F6A-2CA4-43B9-A9FD-3CE0E83CD1B4}.Release R21|Any CPU.Build.0 = Release R21|Any CPU
		{9DD43F6A-2CA4-43B9-A9FD-3CE0E83CD1B4}.Release R22|Any CPU.ActiveCfg = Release R22|Any CPU
		{9DD43F6A-2CA4-43B9-A9FD-3CE0E83CD1B4}.Release R22|Any CPU.Build.0 = Release R22|Any CPU
		{9DD43F6A-2CA4-43B9-A9FD-3CE0E83CD1B4}.Release R23|Any CPU.ActiveCfg = Release R23|Any CPU
		{9DD43F6A-2CA4-43B9-A9FD-3CE0E83CD1B4}.Release R23|Any CPU.Build.0 = Release R23|Any CPU
		{9DD43F6A-2CA4-43B9-A9FD-3CE0E83CD1B4}.Release R24|Any CPU.ActiveCfg = Release R24|Any CPU
		{9DD43F6A-2CA4-43B9-A9FD-3CE0E83CD1B4}.Release R24|Any CPU.Build.0 = Release R24|Any CPU
		{9DD43F6A-2CA4-43B9-A9FD-3CE0E83CD1B4}.Release R25|Any CPU.ActiveCfg = Release R25|Any CPU
		{9DD43F6A-2CA4-43B9-A9FD-3CE0E83CD1B4}.Release R25|Any CPU.Build.0 = Release R25|Any CPU
		{9DD43F6A-2CA4-43B9-A9FD-3CE0E83CD1B4}.Debug R16|Any CPU.ActiveCfg = Debug R16|Any CPU
		{9DD43F6A-2CA4-43B9-A9FD-3CE0E83CD1B4}.Debug R16|Any CPU.Build.0 = Debug R16|Any CPU
		{9DD43F6A-2CA4-43B9-A9FD-3CE0E83CD1B4}.Debug R17|Any CPU.ActiveCfg = Debug R17|Any CPU
		{9DD43F6A-2CA4-43B9-A9FD-3CE0E83CD1B4}.Debug R17|Any CPU.Build.0 = Debug R17|Any CPU
		{9DD43F6A-2CA4-43B9-A9FD-3CE0E83CD1B4}.Debug R18|Any CPU.ActiveCfg = Debug R18|Any CPU
		{9DD43F6A-2CA4-43B9-A9FD-3CE0E83CD1B4}.Debug R18|Any CPU.Build.0 = Debug R18|Any CPU
		{9DD43F6A-2CA4-43B9-A9FD-3CE0E83CD1B4}.Debug R19|Any CPU.ActiveCfg = Debug R19|Any CPU
		{9DD43F6A-2CA4-43B9-A9FD-3CE0E83CD1B4}.Debug R19|Any CPU.Build.0 = Debug R19|Any CPU
		{9DD43F6A-2CA4-43B9-A9FD-3CE0E83CD1B4}.Release R14|Any CPU.ActiveCfg = Release R14|Any CPU
		{9DD43F6A-2CA4-43B9-A9FD-3CE0E83CD1B4}.Release R14|Any CPU.Build.0 = Release R14|Any CPU
		{9DD43F6A-2CA4-43B9-A9FD-3CE0E83CD1B4}.Release R15|Any CPU.ActiveCfg = Release R15|Any CPU
		{9DD43F6A-2CA4-43B9-A9FD-3CE0E83CD1B4}.Release R15|Any CPU.Build.0 = Release R15|Any CPU
		{9DD43F6A-2CA4-43B9-A9FD-3CE0E83CD1B4}.Release R16|Any CPU.ActiveCfg = Release R16|Any CPU
		{9DD43F6A-2CA4-43B9-A9FD-3CE0E83CD1B4}.Release R16|Any CPU.Build.0 = Release R16|Any CPU
		{9DD43F6A-2CA4-43B9-A9FD-3CE0E83CD1B4}.Release R17|Any CPU.ActiveCfg = Release R17|Any CPU
		{9DD43F6A-2CA4-43B9-A9FD-3CE0E83CD1B4}.Release R17|Any CPU.Build.0 = Release R17|Any CPU
		{9DD43F6A-2CA4-43B9-A9FD-3CE0E83CD1B4}.Release R18|Any CPU.ActiveCfg = Release R18|Any CPU
		{9DD43F6A-2CA4-43B9-A9FD-3CE0E83CD1B4}.Release R18|Any CPU.Build.0 = Release R18|Any CPU
		{9DD43F6A-2CA4-43B9-A9FD-3CE0E83CD1B4}.Release R19|Any CPU.ActiveCfg = Release R19|Any CPU
		{9DD43F6A-2CA4-43B9-A9FD-3CE0E83CD1B4}.Release R19|Any CPU.Build.0 = Release R19|Any CPU
		{79D77800-265B-477B-97A2-6FFFEAF20D64}.Debug R14|Any CPU.ActiveCfg = Debug|Any CPU
		{79D77800-265B-477B-97A2-6FFFEAF20D64}.Debug R14|Any CPU.Build.0 = Debug|Any CPU
		{79D77800-265B-477B-97A2-6FFFEAF20D64}.Debug R15|Any CPU.ActiveCfg = Debug|Any CPU
		{79D77800-265B-477B-97A2-6FFFEAF20D64}.Debug R15|Any CPU.Build.0 = Debug|Any CPU
		{79D77800-265B-477B-97A2-6FFFEAF20D64}.Debug R20|Any CPU.ActiveCfg = Debug|Any CPU
		{79D77800-265B-477B-97A2-6FFFEAF20D64}.Debug R20|Any CPU.Build.0 = Debug|Any CPU
		{79D77800-265B-477B-97A2-6FFFEAF20D64}.Debug R21|Any CPU.ActiveCfg = Debug|Any CPU
		{79D77800-265B-477B-97A2-6FFFEAF20D64}.Debug R21|Any CPU.Build.0 = Debug|Any CPU
		{79D77800-265B-477B-97A2-6FFFEAF20D64}.Debug R22|Any CPU.ActiveCfg = Debug|Any CPU
		{79D77800-265B-477B-97A2-6FFFEAF20D64}.Debug R22|Any CPU.Build.0 = Debug|Any CPU
		{79D77800-265B-477B-97A2-6FFFEAF20D64}.Debug R23|Any CPU.ActiveCfg = Debug|Any CPU
		{79D77800-265B-477B-97A2-6FFFEAF20D64}.Debug R23|Any CPU.Build.0 = Debug|Any CPU
		{79D77800-265B-477B-97A2-6FFFEAF20D64}.Debug R24|Any CPU.ActiveCfg = Debug|Any CPU
		{79D77800-265B-477B-97A2-6FFFEAF20D64}.Debug R24|Any CPU.Build.0 = Debug|Any CPU
		{79D77800-265B-477B-97A2-6FFFEAF20D64}.Debug R25|Any CPU.ActiveCfg = Debug|Any CPU
		{79D77800-265B-477B-97A2-6FFFEAF20D64}.Debug R25|Any CPU.Build.0 = Debug|Any CPU
		{79D77800-265B-477B-97A2-6FFFEAF20D64}.Release R20|Any CPU.ActiveCfg = Debug|Any CPU
		{79D77800-265B-477B-97A2-6FFFEAF20D64}.Release R20|Any CPU.Build.0 = Debug|Any CPU
		{79D77800-265B-477B-97A2-6FFFEAF20D64}.Release R21|Any CPU.ActiveCfg = Debug|Any CPU
		{79D77800-265B-477B-97A2-6FFFEAF20D64}.Release R21|Any CPU.Build.0 = Debug|Any CPU
		{79D77800-265B-477B-97A2-6FFFEAF20D64}.Release R22|Any CPU.ActiveCfg = Debug|Any CPU
		{79D77800-265B-477B-97A2-6FFFEAF20D64}.Release R22|Any CPU.Build.0 = Debug|Any CPU
		{79D77800-265B-477B-97A2-6FFFEAF20D64}.Release R23|Any CPU.ActiveCfg = Debug|Any CPU
		{79D77800-265B-477B-97A2-6FFFEAF20D64}.Release R23|Any CPU.Build.0 = Debug|Any CPU
		{79D77800-265B-477B-97A2-6FFFEAF20D64}.Release R24|Any CPU.ActiveCfg = Debug|Any CPU
		{79D77800-265B-477B-97A2-6FFFEAF20D64}.Release R24|Any CPU.Build.0 = Debug|Any CPU
		{79D77800-265B-477B-97A2-6FFFEAF20D64}.Release R25|Any CPU.ActiveCfg = Debug|Any CPU
		{79D77800-265B-477B-97A2-6FFFEAF20D64}.Release R25|Any CPU.Build.0 = Debug|Any CPU
		{79D77800-265B-477B-97A2-6FFFEAF20D64}.Debug R16|Any CPU.ActiveCfg = Debug|Any CPU
		{79D77800-265B-477B-97A2-6FFFEAF20D64}.Debug R16|Any CPU.Build.0 = Debug|Any CPU
		{79D77800-265B-477B-97A2-6FFFEAF20D64}.Debug R17|Any CPU.ActiveCfg = Debug|Any CPU
		{79D77800-265B-477B-97A2-6FFFEAF20D64}.Debug R17|Any CPU.Build.0 = Debug|Any CPU
		{79D77800-265B-477B-97A2-6FFFEAF20D64}.Debug R18|Any CPU.ActiveCfg = Debug|Any CPU
		{79D77800-265B-477B-97A2-6FFFEAF20D64}.Debug R18|Any CPU.Build.0 = Debug|Any CPU
		{79D77800-265B-477B-97A2-6FFFEAF20D64}.Debug R19|Any CPU.ActiveCfg = Debug|Any CPU
		{79D77800-265B-477B-97A2-6FFFEAF20D64}.Debug R19|Any CPU.Build.0 = Debug|Any CPU
		{79D77800-265B-477B-97A2-6FFFEAF20D64}.Release R14|Any CPU.ActiveCfg = Debug|Any CPU
		{79D77800-265B-477B-97A2-6FFFEAF20D64}.Release R14|Any CPU.Build.0 = Debug|Any CPU
		{79D77800-265B-477B-97A2-6FFFEAF20D64}.Release R15|Any CPU.ActiveCfg = Debug|Any CPU
		{79D77800-265B-477B-97A2-6FFFEAF20D64}.Release R15|Any CPU.Build.0 = Debug|Any CPU
		{79D77800-265B-477B-97A2-6FFFEAF20D64}.Release R16|Any CPU.ActiveCfg = Debug|Any CPU
		{79D77800-265B-477B-97A2-6FFFEAF20D64}.Release R16|Any CPU.Build.0 = Debug|Any CPU
		{79D77800-265B-477B-97A2-6FFFEAF20D64}.Release R17|Any CPU.ActiveCfg = Debug|Any CPU
		{79D77800-265B-477B-97A2-6FFFEAF20D64}.Release R17|Any CPU.Build.0 = Debug|Any CPU
		{79D77800-265B-477B-97A2-6FFFEAF20D64}.Release R18|Any CPU.ActiveCfg = Debug|Any CPU
		{79D77800-265B-477B-97A2-6FFFEAF20D64}.Release R18|Any CPU.Build.0 = Debug|Any CPU
		{79D77800-265B-477B-97A2-6FFFEAF20D64}.Release R19|Any CPU.ActiveCfg = Debug|Any CPU
		{79D77800-265B-477B-97A2-6FFFEAF20D64}.Release R19|Any CPU.Build.0 = Debug|Any CPU
	EndGlobalSection
EndGlobal
